
Microsoft Visual Studio Solution File, Format Version 12.00
# Visual Studio Version 17
VisualStudioVersion = 17.3.32825.248
MinimumVisualStudioVersion = 10.0.40219.1
Project("{FAE04EC0-301F-11D3-BF4B-00C04F79EFBC}") = "DeadlockSimulator", "DeadlockSimulator\DeadlockSimulator.csproj", "{B4BCD613-75C2-44B6-8A42-F9259E90C2E7}"
EndProject
Global
	GlobalSection(SolutionConfigurationPlatforms) = preSolution
		Debug|Any CPU = Debug|Any CPU
		Release|Any CPU = Release|Any CPU
	EndGlobalSection
	GlobalSection(ProjectConfigurationPlatforms) = postSolution
		{B4BCD613-75C2-44B6-8A42-F9259E90C2E7}.Debug|Any CPU.ActiveCfg = Debug|Any CPU
		{B4BCD613-75C2-44B6-8A42-F9259E90C2E7}.Debug|Any CPU.Build.0 = Debug|Any CPU
		{B4BCD613-75C2-44B6-8A42-F9259E90C2E7}.Release|Any CPU.ActiveCfg = Release|Any CPU
		{B4BCD613-75C2-44B6-8A42-F9259E90C2E7}.Release|Any CPU.Build.0 = Release|Any CPU
	EndGlobalSection
	GlobalSection(SolutionProperties) = preSolution
		HideSolutionNode = FALSE
	EndGlobalSection
	GlobalSection(ExtensibilityGlobals) = postSolution
		SolutionGuid = {9837C6DE-4CC5-4089-A45B-60A21BEA419B}
	EndGlobalSection
EndGlobal
